// !$*UTF8*$!
{
	archiveVersion = 1;
	classes = {
	};
	objectVersion = 55;
	objects = {

/* Begin PBXBuildFile section */
		027D0D90274D19ED0015516D /* ContentCreatorCrossApp.swift in Sources */ = {isa = PBXBuildFile; fileRef = 027D0D80274D19EB0015516D /* ContentCreatorCrossApp.swift */; };
		027D0D91274D19ED0015516D /* ContentCreatorCrossApp.swift in Sources */ = {isa = PBXBuildFile; fileRef = 027D0D80274D19EB0015516D /* ContentCreatorCrossApp.swift */; };
		027D0D92274D19ED0015516D /* ContentView.swift in Sources */ = {isa = PBXBuildFile; fileRef = 027D0D81274D19EB0015516D /* ContentView.swift */; };
		027D0D93274D19ED0015516D /* ContentView.swift in Sources */ = {isa = PBXBuildFile; fileRef = 027D0D81274D19EB0015516D /* ContentView.swift */; };
		027D0D94274D19ED0015516D /* Assets.xcassets in Resources */ = {isa = PBXBuildFile; fileRef = 027D0D82274D19ED0015516D /* Assets.xcassets */; };
		027D0D95274D19ED0015516D /* Assets.xcassets in Resources */ = {isa = PBXBuildFile; fileRef = 027D0D82274D19ED0015516D /* Assets.xcassets */; };
		027D0DA0274D1A360015516D /* Home.swift in Sources */ = {isa = PBXBuildFile; fileRef = 027D0D9F274D1A360015516D /* Home.swift */; };
		027D0DA1274D1A3E0015516D /* Home.swift in Sources */ = {isa = PBXBuildFile; fileRef = 027D0D9F274D1A360015516D /* Home.swift */; };
		027D0DA3274D22F60015516D /* SideBar.swift in Sources */ = {isa = PBXBuildFile; fileRef = 027D0DA2274D22F60015516D /* SideBar.swift */; };
		027D0DA4274D23150015516D /* SideBar.swift in Sources */ = {isa = PBXBuildFile; fileRef = 027D0DA2274D22F60015516D /* SideBar.swift */; };
		027D0DA6274D55DA0015516D /* DisclosureGroupView.swift in Sources */ = {isa = PBXBuildFile; fileRef = 027D0DA5274D55DA0015516D /* DisclosureGroupView.swift */; };
		027D0DA7274D55DA0015516D /* DisclosureGroupView.swift in Sources */ = {isa = PBXBuildFile; fileRef = 027D0DA5274D55DA0015516D /* DisclosureGroupView.swift */; };
		027D0DA9274D63710015516D /* TabButton.swift in Sources */ = {isa = PBXBuildFile; fileRef = 027D0DA8274D63710015516D /* TabButton.swift */; };
		027D0DAA274D63710015516D /* TabButton.swift in Sources */ = {isa = PBXBuildFile; fileRef = 027D0DA8274D63710015516D /* TabButton.swift */; };
		027D0DAC274D64C70015516D /* BlurWindow.swift in Sources */ = {isa = PBXBuildFile; fileRef = 027D0DAB274D64C70015516D /* BlurWindow.swift */; };
		027D0DAD274D64C70015516D /* BlurWindow.swift in Sources */ = {isa = PBXBuildFile; fileRef = 027D0DAB274D64C70015516D /* BlurWindow.swift */; };
/* End PBXBuildFile section */

/* Begin PBXFileReference section */
		027D0D80274D19EB0015516D /* ContentCreatorCrossApp.swift */ = {isa = PBXFileReference; lastKnownFileType = sourcecode.swift; path = ContentCreatorCrossApp.swift; sourceTree = "<group>"; };
		027D0D81274D19EB0015516D /* ContentView.swift */ = {isa = PBXFileReference; lastKnownFileType = sourcecode.swift; path = ContentView.swift; sourceTree = "<group>"; };
		027D0D82274D19ED0015516D /* Assets.xcassets */ = {isa = PBXFileReference; lastKnownFileType = folder.assetcatalog; path = Assets.xcassets; sourceTree = "<group>"; };
		027D0D87274D19ED0015516D /* ContentCreatorCross.app */ = {isa = PBXFileReference; explicitFileType = wrapper.application; includeInIndex = 0; path = ContentCreatorCross.app; sourceTree = BUILT_PRODUCTS_DIR; };
		027D0D8D274D19ED0015516D /* ContentCreatorCross.app */ = {isa = PBXFileReference; explicitFileType = wrapper.application; includeInIndex = 0; path = ContentCreatorCross.app; sourceTree = BUILT_PRODUCTS_DIR; };
		027D0D8F274D19ED0015516D /* macOS.entitlements */ = {isa = PBXFileReference; lastKnownFileType = text.plist.entitlements; path = macOS.entitlements; sourceTree = "<group>"; };
		027D0D9F274D1A360015516D /* Home.swift */ = {isa = PBXFileReference; lastKnownFileType = sourcecode.swift; path = Home.swift; sourceTree = "<group>"; };
		027D0DA2274D22F60015516D /* SideBar.swift */ = {isa = PBXFileReference; lastKnownFileType = sourcecode.swift; path = SideBar.swift; sourceTree = "<group>"; };
		027D0DA5274D55DA0015516D /* DisclosureGroupView.swift */ = {isa = PBXFileReference; lastKnownFileType = sourcecode.swift; path = DisclosureGroupView.swift; sourceTree = "<group>"; };
		027D0DA8274D63710015516D /* TabButton.swift */ = {isa = PBXFileReference; lastKnownFileType = sourcecode.swift; path = TabButton.swift; sourceTree = "<group>"; };
		027D0DAB274D64C70015516D /* BlurWindow.swift */ = {isa = PBXFileReference; lastKnownFileType = sourcecode.swift; path = BlurWindow.swift; sourceTree = "<group>"; };
/* End PBXFileReference section */

/* Begin PBXFrameworksBuildPhase section */
		027D0D84274D19ED0015516D /* Frameworks */ = {
			isa = PBXFrameworksBuildPhase;
			buildActionMask = 2147483647;
			files = (
			);
			runOnlyForDeploymentPostprocessing = 0;
		};
		027D0D8A274D19ED0015516D /* Frameworks */ = {
			isa = PBXFrameworksBuildPhase;
			buildActionMask = 2147483647;
			files = (
			);
			runOnlyForDeploymentPostprocessing = 0;
		};
/* End PBXFrameworksBuildPhase section */

/* Begin PBXGroup section */
		027D0D7A274D19EB0015516D = {
			isa = PBXGroup;
			children = (
				027D0D7F274D19EB0015516D /* Shared */,
				027D0D8E274D19ED0015516D /* macOS */,
				027D0D88274D19ED0015516D /* Products */,
			);
			sourceTree = "<group>";
		};
		027D0D7F274D19EB0015516D /* Shared */ = {
			isa = PBXGroup;
			children = (
				027D0D9E274D1A290015516D /* View */,
				027D0D81274D19EB0015516D /* ContentView.swift */,
				027D0D82274D19ED0015516D /* Assets.xcassets */,
				027D0D80274D19EB0015516D /* ContentCreatorCrossApp.swift */,
			);
			path = Shared;
			sourceTree = "<group>";
		};
		027D0D88274D19ED0015516D /* Products */ = {
			isa = PBXGroup;
			children = (
				027D0D87274D19ED0015516D /* ContentCreatorCross.app */,
				027D0D8D274D19ED0015516D /* ContentCreatorCross.app */,
			);
			name = Products;
			sourceTree = "<group>";
		};
		027D0D8E274D19ED0015516D /* macOS */ = {
			isa = PBXGroup;
			children = (
				027D0D8F274D19ED0015516D /* macOS.entitlements */,
			);
			path = macOS;
			sourceTree = "<group>";
		};
		027D0D9E274D1A290015516D /* View */ = {
			isa = PBXGroup;
			children = (
				027D0D9F274D1A360015516D /* Home.swift */,
				027D0DA2274D22F60015516D /* SideBar.swift */,
				027D0DA5274D55DA0015516D /* DisclosureGroupView.swift */,
				027D0DA8274D63710015516D /* TabButton.swift */,
				027D0DAB274D64C70015516D /* BlurWindow.swift */,
			);
			path = View;
			sourceTree = "<group>";
		};
/* End PBXGroup section */

/* Begin PBXNativeTarget section */
		027D0D86274D19ED0015516D /* ContentCreatorCross (iOS) */ = {
			isa = PBXNativeTarget;
			buildConfigurationList = 027D0D98274D19ED0015516D /* Build configuration list for PBXNativeTarget "ContentCreatorCross (iOS)" */;
			buildPhases = (
				027D0D83274D19ED0015516D /* Sources */,
				027D0D84274D19ED0015516D /* Frameworks */,
				027D0D85274D19ED0015516D /* Resources */,
			);
			buildRules = (
			);
			dependencies = (
			);
			name = "ContentCreatorCross (iOS)";
			productName = "ContentCreatorCross (iOS)";
			productReference = 027D0D87274D19ED0015516D /* ContentCreatorCross.app */;
			productType = "com.apple.product-type.application";
		};
		027D0D8C274D19ED0015516D /* ContentCreatorCross (macOS) */ = {
			isa = PBXNativeTarget;
			buildConfigurationList = 027D0D9B274D19ED0015516D /* Build configuration list for PBXNativeTarget "ContentCreatorCross (macOS)" */;
			buildPhases = (
				027D0D89274D19ED0015516D /* Sources */,
				027D0D8A274D19ED0015516D /* Frameworks */,
				027D0D8B274D19ED0015516D /* Resources */,
			);
			buildRules = (
			);
			dependencies = (
			);
			name = "ContentCreatorCross (macOS)";
			productName = "ContentCreatorCross (macOS)";
			productReference = 027D0D8D274D19ED0015516D /* ContentCreatorCross.app */;
			productType = "com.apple.product-type.application";
		};
/* End PBXNativeTarget section */

/* Begin PBXProject section */
		027D0D7B274D19EB0015516D /* Project object */ = {
			isa = PBXProject;
			attributes = {
				BuildIndependentTargetsInParallel = 1;
				LastSwiftUpdateCheck = 1310;
				LastUpgradeCheck = 1310;
				TargetAttributes = {
					027D0D86274D19ED0015516D = {
						CreatedOnToolsVersion = 13.1;
					};
					027D0D8C274D19ED0015516D = {
						CreatedOnToolsVersion = 13.1;
					};
				};
			};
			buildConfigurationList = 027D0D7E274D19EB0015516D /* Build configuration list for PBXProject "ContentCreatorCross" */;
			compatibilityVersion = "Xcode 13.0";
			developmentRegion = en;
			hasScannedForEncodings = 0;
			knownRegions = (
				en,
				Base,
			);
			mainGroup = 027D0D7A274D19EB0015516D;
			productRefGroup = 027D0D88274D19ED0015516D /* Products */;
			projectDirPath = "";
			projectRoot = "";
			targets = (
				027D0D86274D19ED0015516D /* ContentCreatorCross (iOS) */,
				027D0D8C274D19ED0015516D /* ContentCreatorCross (macOS) */,
			);
		};
/* End PBXProject section */

/* Begin PBXResourcesBuildPhase section */
		027D0D85274D19ED0015516D /* Resources */ = {
			isa = PBXResourcesBuildPhase;
			buildActionMask = 2147483647;
			files = (
				027D0D94274D19ED0015516D /* Assets.xcassets in Resources */,
			);
			runOnlyForDeploymentPostprocessing = 0;
		};
		027D0D8B274D19ED0015516D /* Resources */ = {
			isa = PBXResourcesBuildPhase;
			buildActionMask = 2147483647;
			files = (
				027D0D95274D19ED0015516D /* Assets.xcassets in Resources */,
			);
			runOnlyForDeploymentPostprocessing = 0;
		};
/* End PBXResourcesBuildPhase section */

/* Begin PBXSourcesBuildPhase section */
		027D0D83274D19ED0015516D /* Sources */ = {
			isa = PBXSourcesBuildPhase;
			buildActionMask = 2147483647;
			files = (
				027D0D92274D19ED0015516D /* ContentView.swift in Sources */,
				027D0DA0274D1A360015516D /* Home.swift in Sources */,
				027D0D90274D19ED0015516D /* ContentCreatorCrossApp.swift in Sources */,
				027D0DAC274D64C70015516D /* BlurWindow.swift in Sources */,
				027D0DA9274D63710015516D /* TabButton.swift in Sources */,
				027D0DA3274D22F60015516D /* SideBar.swift in Sources */,
				027D0DA6274D55DA0015516D /* DisclosureGroupView.swift in Sources */,
			);
			runOnlyForDeploymentPostprocessing = 0;
		};
		027D0D89274D19ED0015516D /* Sources */ = {
			isa = PBXSourcesBuildPhase;
			buildActionMask = 2147483647;
			files = (
				027D0D93274D19ED0015516D /* ContentView.swift in Sources */,
				027D0DA1274D1A3E0015516D /* Home.swift in Sources */,
				027D0D91274D19ED0015516D /* ContentCreatorCrossApp.swift in Sources */,
				027D0DAD274D64C70015516D /* BlurWindow.swift in Sources */,
				027D0DAA274D63710015516D /* TabButton.swift in Sources */,
				027D0DA4274D23150015516D /* SideBar.swift in Sources */,
				027D0DA7274D55DA0015516D /* DisclosureGroupView.swift in Sources */,
			);
			runOnlyForDeploymentPostprocessing = 0;
		};
/* End PBXSourcesBuildPhase section */

/* Begin XCBuildConfiguration section */
		027D0D96274D19ED0015516D /* Debug */ = {
			isa = XCBuildConfiguration;
			buildSettings = {
				ALWAYS_SEARCH_USER_PATHS = NO;
				CLANG_ANALYZER_NONNULL = YES;
				CLANG_ANALYZER_NUMBER_OBJECT_CONVERSION = YES_AGGRESSIVE;
				CLANG_CXX_LANGUAGE_STANDARD = "gnu++17";
				CLANG_CXX_LIBRARY = "libc++";
				CLANG_ENABLE_MODULES = YES;
				CLANG_ENABLE_OBJC_ARC = YES;
				CLANG_ENABLE_OBJC_WEAK = YES;
				CLANG_WARN_BLOCK_CAPTURE_AUTORELEASING = YES;
				CLANG_WARN_BOOL_CONVERSION = YES;
				CLANG_WARN_COMMA = YES;
				CLANG_WARN_CONSTANT_CONVERSION = YES;
				CLANG_WARN_DEPRECATED_OBJC_IMPLEMENTATIONS = YES;
				CLANG_WARN_DIRECT_OBJC_ISA_USAGE = YES_ERROR;
				CLANG_WARN_DOCUMENTATION_COMMENTS = YES;
				CLANG_WARN_EMPTY_BODY = YES;
				CLANG_WARN_ENUM_CONVERSION = YES;
				CLANG_WARN_INFINITE_RECURSION = YES;
				CLANG_WARN_INT_CONVERSION = YES;
				CLANG_WARN_NON_LITERAL_NULL_CONVERSION = YES;
				CLANG_WARN_OBJC_IMPLICIT_RETAIN_SELF = YES;
				CLANG_WARN_OBJC_LITERAL_CONVERSION = YES;
				CLANG_WARN_OBJC_ROOT_CLASS = YES_ERROR;
				CLANG_WARN_QUOTED_INCLUDE_IN_FRAMEWORK_HEADER = YES;
				CLANG_WARN_RANGE_LOOP_ANALYSIS = YES;
				CLANG_WARN_STRICT_PROTOTYPES = YES;
				CLANG_WARN_SUSPICIOUS_MOVE = YES;
				CLANG_WARN_UNGUARDED_AVAILABILITY = YES_AGGRESSIVE;
				CLANG_WARN_UNREACHABLE_CODE = YES;
				CLANG_WARN__DUPLICATE_METHOD_MATCH = YES;
				COPY_PHASE_STRIP = NO;
				DEBUG_INFORMATION_FORMAT = dwarf;
				ENABLE_STRICT_OBJC_MSGSEND = YES;
				ENABLE_TESTABILITY = YES;
				GCC_C_LANGUAGE_STANDARD = gnu11;
				GCC_DYNAMIC_NO_PIC = NO;
				GCC_NO_COMMON_BLOCKS = YES;
				GCC_OPTIMIZATION_LEVEL = 0;
				GCC_PREPROCESSOR_DEFINITIONS = (
					"DEBUG=1",
					"$(inherited)",
				);
				GCC_WARN_64_TO_32_BIT_CONVERSION = YES;
				GCC_WARN_ABOUT_RETURN_TYPE = YES_ERROR;
				GCC_WARN_UNDECLARED_SELECTOR = YES;
				GCC_WARN_UNINITIALIZED_AUTOS = YES_AGGRESSIVE;
				GCC_WARN_UNUSED_FUNCTION = YES;
				GCC_WARN_UNUSED_VARIABLE = YES;
				MTL_ENABLE_DEBUG_INFO = INCLUDE_SOURCE;
				MTL_FAST_MATH = YES;
				ONLY_ACTIVE_ARCH = YES;
				SWIFT_ACTIVE_COMPILATION_CONDITIONS = DEBUG;
				SWIFT_OPTIMIZATION_LEVEL = "-Onone";
			};
			name = Debug;
		};
		027D0D97274D19ED0015516D /* Release */ = {
			isa = XCBuildConfiguration;
			buildSettings = {
				ALWAYS_SEARCH_USER_PATHS = NO;
				CLANG_ANALYZER_NONNULL = YES;
				CLANG_ANALYZER_NUMBER_OBJECT_CONVERSION = YES_AGGRESSIVE;
				CLANG_CXX_LANGUAGE_STANDARD = "gnu++17";
				CLANG_CXX_LIBRARY = "libc++";
				CLANG_ENABLE_MODULES = YES;
				CLANG_ENABLE_OBJC_ARC = YES;
				CLANG_ENABLE_OBJC_WEAK = YES;
				CLANG_WARN_BLOCK_CAPTURE_AUTORELEASING = YES;
				CLANG_WARN_BOOL_CONVERSION = YES;
				CLANG_WARN_COMMA = YES;
				CLANG_WARN_CONSTANT_CONVERSION = YES;
				CLANG_WARN_DEPRECATED_OBJC_IMPLEMENTATIONS = YES;
				CLANG_WARN_DIRECT_OBJC_ISA_USAGE = YES_ERROR;
				CLANG_WARN_DOCUMENTATION_COMMENTS = YES;
				CLANG_WARN_EMPTY_BODY = YES;
				CLANG_WARN_ENUM_CONVERSION = YES;
				CLANG_WARN_INFINITE_RECURSION = YES;
				CLANG_WARN_INT_CONVERSION = YES;
				CLANG_WARN_NON_LITERAL_NULL_CONVERSION = YES;
				CLANG_WARN_OBJC_IMPLICIT_RETAIN_SELF = YES;
				CLANG_WARN_OBJC_LITERAL_CONVERSION = YES;
				CLANG_WARN_OBJC_ROOT_CLASS = YES_ERROR;
				CLANG_WARN_QUOTED_INCLUDE_IN_FRAMEWORK_HEADER = YES;
				CLANG_WARN_RANGE_LOOP_ANALYSIS = YES;
				CLANG_WARN_STRICT_PROTOTYPES = YES;
				CLANG_WARN_SUSPICIOUS_MOVE = YES;
				CLANG_WARN_UNGUARDED_AVAILABILITY = YES_AGGRESSIVE;
				CLANG_WARN_UNREACHABLE_CODE = YES;
				CLANG_WARN__DUPLICATE_METHOD_MATCH = YES;
				COPY_PHASE_STRIP = NO;
				DEBUG_INFORMATION_FORMAT = "dwarf-with-dsym";
				ENABLE_NS_ASSERTIONS = NO;
				ENABLE_STRICT_OBJC_MSGSEND = YES;
				GCC_C_LANGUAGE_STANDARD = gnu11;
				GCC_NO_COMMON_BLOCKS = YES;
				GCC_WARN_64_TO_32_BIT_CONVERSION = YES;
				GCC_WARN_ABOUT_RETURN_TYPE = YES_ERROR;
				GCC_WARN_UNDECLARED_SELECTOR = YES;
				GCC_WARN_UNINITIALIZED_AUTOS = YES_AGGRESSIVE;
				GCC_WARN_UNUSED_FUNCTION = YES;
				GCC_WARN_UNUSED_VARIABLE = YES;
				MTL_ENABLE_DEBUG_INFO = NO;
				MTL_FAST_MATH = YES;
				SWIFT_COMPILATION_MODE = wholemodule;
				SWIFT_OPTIMIZATION_LEVEL = "-O";
			};
			name = Release;
		};
		027D0D99274D19ED0015516D /* Debug */ = {
			isa = XCBuildConfiguration;
			buildSettings = {
				ASSETCATALOG_COMPILER_APPICON_NAME = AppIcon;
				ASSETCATALOG_COMPILER_GLOBAL_ACCENT_COLOR_NAME = AccentColor;
				CODE_SIGN_STYLE = Automatic;
				CURRENT_PROJECT_VERSION = 1;
				DEVELOPMENT_TEAM = 854NAC489T;
				ENABLE_PREVIEWS = YES;
				GENERATE_INFOPLIST_FILE = YES;
				INFOPLIST_KEY_UIApplicationSceneManifest_Generation = YES;
				INFOPLIST_KEY_UIApplicationSupportsIndirectInputEvents = YES;
				INFOPLIST_KEY_UILaunchScreen_Generation = YES;
				INFOPLIST_KEY_UISupportedInterfaceOrientations_iPad = "UIInterfaceOrientationPortrait UIInterfaceOrientationPortraitUpsideDown UIInterfaceOrientationLandscapeLeft UIInterfaceOrientationLandscapeRight";
				INFOPLIST_KEY_UISupportedInterfaceOrientations_iPhone = "UIInterfaceOrientationPortrait UIInterfaceOrientationLandscapeLeft UIInterfaceOrientationLandscapeRight";
				IPHONEOS_DEPLOYMENT_TARGET = 15.0;
				LD_RUNPATH_SEARCH_PATHS = (
					"$(inherited)",
					"@executable_path/Frameworks",
				);
				MARKETING_VERSION = 1.0;
				PRODUCT_BUNDLE_IDENTIFIER = com.yilmazdincsoy.ContentCreatorCross;
				PRODUCT_NAME = ContentCreatorCross;
				SDKROOT = iphoneos;
				SWIFT_EMIT_LOC_STRINGS = YES;
				SWIFT_VERSION = 5.0;
				TARGETED_DEVICE_FAMILY = "1,2";
			};
			name = Debug;
		};
		027D0D9A274D19ED0015516D /* Release */ = {
			isa = XCBuildConfiguration;
			buildSettings = {
				ASSETCATALOG_COMPILER_APPICON_NAME = AppIcon;
				ASSETCATALOG_COMPILER_GLOBAL_ACCENT_COLOR_NAME = AccentColor;
				CODE_SIGN_STYLE = Automatic;
				CURRENT_PROJECT_VERSION = 1;
				DEVELOPMENT_TEAM = 854NAC489T;
				ENABLE_PREVIEWS = YES;
				GENERATE_INFOPLIST_FILE = YES;
				INFOPLIST_KEY_UIApplicationSceneManifest_Generation = YES;
				INFOPLIST_KEY_UIApplicationSupportsIndirectInputEvents = YES;
				INFOPLIST_KEY_UILaunchScreen_Generation = YES;
				INFOPLIST_KEY_UISupportedInterfaceOrientations_iPad = "UIInterfaceOrientationPortrait UIInterfaceOrientationPortraitUpsideDown UIInterfaceOrientationLandscapeLeft UIInterfaceOrientationLandscapeRight";
				INFOPLIST_KEY_UISupportedInterfaceOrientations_iPhone = "UIInterfaceOrientationPortrait UIInterfaceOrientationLandscapeLeft UIInterfaceOrientationLandscapeRight";
				IPHONEOS_DEPLOYMENT_TARGET = 15.0;
				LD_RUNPATH_SEARCH_PATHS = (
					"$(inherited)",
					"@executable_path/Frameworks",
				);
				MARKETING_VERSION = 1.0;
				PRODUCT_BUNDLE_IDENTIFIER = com.yilmazdincsoy.ContentCreatorCross;
				PRODUCT_NAME = ContentCreatorCross;
				SDKROOT = iphoneos;
				SWIFT_EMIT_LOC_STRINGS = YES;
				SWIFT_VERSION = 5.0;
				TARGETED_DEVICE_FAMILY = "1,2";
				VALIDATE_PRODUCT = YES;
			};
			name = Release;
		};
		027D0D9C274D19ED0015516D /* Debug */ = {
			isa = XCBuildConfiguration;
			buildSettings = {
				ASSETCATALOG_COMPILER_APPICON_NAME = AppIcon;
				ASSETCATALOG_COMPILER_GLOBAL_ACCENT_COLOR_NAME = AccentColor;
				CODE_SIGN_ENTITLEMENTS = macOS/macOS.entitlements;
				CODE_SIGN_STYLE = Automatic;
				COMBINE_HIDPI_IMAGES = YES;
				CURRENT_PROJECT_VERSION = 1;
				DEVELOPMENT_TEAM = 854NAC489T;
				ENABLE_HARDENED_RUNTIME = YES;
				ENABLE_PREVIEWS = YES;
				GENERATE_INFOPLIST_FILE = YES;
				INFOPLIST_KEY_NSHumanReadableCopyright = "";
				LD_RUNPATH_SEARCH_PATHS = (
					"$(inherited)",
					"@executable_path/../Frameworks",
				);
				MACOSX_DEPLOYMENT_TARGET = 12.0;
				MARKETING_VERSION = 1.0;
				PRODUCT_BUNDLE_IDENTIFIER = com.yilmazdincsoy.ContentCreatorCross;
				PRODUCT_NAME = ContentCreatorCross;
				SDKROOT = macosx;
				SWIFT_EMIT_LOC_STRINGS = YES;
				SWIFT_VERSION = 5.0;
			};
			name = Debug;
		};
		027D0D9D274D19ED0015516D /* Release */ = {
			isa = XCBuildConfiguration;
			buildSettings = {
				ASSETCATALOG_COMPILER_APPICON_NAME = AppIcon;
				ASSETCATALOG_COMPILER_GLOBAL_ACCENT_COLOR_NAME = AccentColor;
				CODE_SIGN_ENTITLEMENTS = macOS/macOS.entitlements;
				CODE_SIGN_STYLE = Automatic;
				COMBINE_HIDPI_IMAGES = YES;
				CURRENT_PROJECT_VERSION = 1;
				DEVELOPMENT_TEAM = 854NAC489T;
				ENABLE_HARDENED_RUNTIME = YES;
				ENABLE_PREVIEWS = YES;
				GENERATE_INFOPLIST_FILE = YES;
				INFOPLIST_KEY_NSHumanReadableCopyright = "";
				LD_RUNPATH_SEARCH_PATHS = (
					"$(inherited)",
					"@executable_path/../Frameworks",
				);
				MACOSX_DEPLOYMENT_TARGET = 12.0;
				MARKETING_VERSION = 1.0;
				PRODUCT_BUNDLE_IDENTIFIER = com.yilmazdincsoy.ContentCreatorCross;
				PRODUCT_NAME = ContentCreatorCross;
				SDKROOT = macosx;
				SWIFT_EMIT_LOC_STRINGS = YES;
				SWIFT_VERSION = 5.0;
			};
			name = Release;
		};
/* End XCBuildConfiguration section */

/* Begin XCConfigurationList section */
		027D0D7E274D19EB0015516D /* Build configuration list for PBXProject "ContentCreatorCross" */ = {
			isa = XCConfigurationList;
			buildConfigurations = (
				027D0D96274D19ED0015516D /* Debug */,
				027D0D97274D19ED0015516D /* Release */,
			);
			defaultConfigurationIsVisible = 0;
			defaultConfigurationName = Release;
		};
		027D0D98274D19ED0015516D /* Build configuration list for PBXNativeTarget "ContentCreatorCross (iOS)" */ = {
			isa = XCConfigurationList;
			buildConfigurations = (
				027D0D99274D19ED0015516D /* Debug */,
				027D0D9A274D19ED0015516D /* Release */,
			);
			defaultConfigurationIsVisible = 0;
			defaultConfigurationName = Release;
		};
		027D0D9B274D19ED0015516D /* Build configuration list for PBXNativeTarget "ContentCreatorCross (macOS)" */ = {
			isa = XCConfigurationList;
			buildConfigurations = (
				027D0D9C274D19ED0015516D /* Debug */,
				027D0D9D274D19ED0015516D /* Release */,
			);
			defaultConfigurationIsVisible = 0;
			defaultConfigurationName = Release;
		};
/* End XCConfigurationList section */
	};
	rootObject = 027D0D7B274D19EB0015516D /* Project object */;
}
